
Microsoft Visual Studio Solution File, Format Version 12.00
# Visual Studio 2012
Project("{FAE04EC0-301F-11D3-BF4B-00C04F79EFBC}") = "Game_of_life_procedural", "Game_of_life_procedural\Game_of_life_procedural.csproj", "{46C0F8B1-863C-490A-997E-1E223A9B0EDC}"
EndProject
Global
	GlobalSection(SolutionConfigurationPlatforms) = preSolution
		Debug|Any CPU = Debug|Any CPU
		Release|Any CPU = Release|Any CPU
	EndGlobalSection
	GlobalSection(ProjectConfigurationPlatforms) = postSolution
		{46C0F8B1-863C-490A-997E-1E223A9B0EDC}.Debug|Any CPU.ActiveCfg = Debug|Any CPU
		{46C0F8B1-863C-490A-997E-1E223A9B0EDC}.Debug|Any CPU.Build.0 = Debug|Any CPU
		{46C0F8B1-863C-490A-997E-1E223A9B0EDC}.Release|Any CPU.ActiveCfg = Release|Any CPU
		{46C0F8B1-863C-490A-997E-1E223A9B0EDC}.Release|Any CPU.Build.0 = Release|Any CPU
	EndGlobalSection
	GlobalSection(SolutionProperties) = preSolution
		HideSolutionNode = FALSE
	EndGlobalSection
EndGlobal
